
Microsoft Visual Studio Solution File, Format Version 12.00
# Visual Studio Version 17
VisualStudioVersion = 17.3.32825.248
MinimumVisualStudioVersion = 10.0.40219.1
Project("{FAE04EC0-301F-11D3-BF4B-00C04F79EFBC}") = "Laba7_Bank", "Laba7_Bank\Laba7_Bank.csproj", "{5EB718B9-31C7-4812-B932-65532A2FE9C7}"
EndProject
Global
	GlobalSection(SolutionConfigurationPlatforms) = preSolution
		Debug|Any CPU = Debug|Any CPU
		Release|Any CPU = Release|Any CPU
	EndGlobalSection
	GlobalSection(ProjectConfigurationPlatforms) = postSolution
		{5EB718B9-31C7-4812-B932-65532A2FE9C7}.Debug|Any CPU.ActiveCfg = Debug|Any CPU
		{5EB718B9-31C7-4812-B932-65532A2FE9C7}.Debug|Any CPU.Build.0 = Debug|Any CPU
		{5EB718B9-31C7-4812-B932-65532A2FE9C7}.Release|Any CPU.ActiveCfg = Release|Any CPU
		{5EB718B9-31C7-4812-B932-65532A2FE9C7}.Release|Any CPU.Build.0 = Release|Any CPU
	EndGlobalSection
	GlobalSection(SolutionProperties) = preSolution
		HideSolutionNode = FALSE
	EndGlobalSection
	GlobalSection(ExtensibilityGlobals) = postSolution
		SolutionGuid = {394455DC-AE9F-4548-AF60-AC054B332C64}
	EndGlobalSection
EndGlobal
